
Microsoft Visual Studio Solution File, Format Version 12.00
# Visual Studio Version 16
VisualStudioVersion = 16.0.30907.101
MinimumVisualStudioVersion = 10.0.40219.1
Project("{9A19103F-16F7-4668-BE54-9A1E7A4F7556}") = "Web-Programming", "Web-Programming\Web-Programming.csproj", "{02E0E621-1388-4CE5-94CF-F7B846A4EF46}"
EndProject
Project("{9A19103F-16F7-4668-BE54-9A1E7A4F7556}") = "02 ASP.Net intro", "02 ASP.Net intro\02 ASP.Net intro.csproj", "{1F8878F6-7299-4344-B01C-04A0C9F66E66}"
EndProject
Project("{FAE04EC0-301F-11D3-BF4B-00C04F79EFBC}") = "04.StudentsHomework", "04.StudentsHomework\04.StudentsHomework.csproj", "{A512A3A7-029F-42C8-8CAA-ABB1E252E946}"
EndProject
Global
	GlobalSection(SolutionConfigurationPlatforms) = preSolution
		Debug|Any CPU = Debug|Any CPU
		Release|Any CPU = Release|Any CPU
	EndGlobalSection
	GlobalSection(ProjectConfigurationPlatforms) = postSolution
		{02E0E621-1388-4CE5-94CF-F7B846A4EF46}.Debug|Any CPU.ActiveCfg = Debug|Any CPU
		{02E0E621-1388-4CE5-94CF-F7B846A4EF46}.Debug|Any CPU.Build.0 = Debug|Any CPU
		{02E0E621-1388-4CE5-94CF-F7B846A4EF46}.Release|Any CPU.ActiveCfg = Release|Any CPU
		{02E0E621-1388-4CE5-94CF-F7B846A4EF46}.Release|Any CPU.Build.0 = Release|Any CPU
		{1F8878F6-7299-4344-B01C-04A0C9F66E66}.Debug|Any CPU.ActiveCfg = Debug|Any CPU
		{1F8878F6-7299-4344-B01C-04A0C9F66E66}.Debug|Any CPU.Build.0 = Debug|Any CPU
		{1F8878F6-7299-4344-B01C-04A0C9F66E66}.Release|Any CPU.ActiveCfg = Release|Any CPU
		{1F8878F6-7299-4344-B01C-04A0C9F66E66}.Release|Any CPU.Build.0 = Release|Any CPU
		{A512A3A7-029F-42C8-8CAA-ABB1E252E946}.Debug|Any CPU.ActiveCfg = Debug|Any CPU
		{A512A3A7-029F-42C8-8CAA-ABB1E252E946}.Debug|Any CPU.Build.0 = Debug|Any CPU
		{A512A3A7-029F-42C8-8CAA-ABB1E252E946}.Release|Any CPU.ActiveCfg = Release|Any CPU
		{A512A3A7-029F-42C8-8CAA-ABB1E252E946}.Release|Any CPU.Build.0 = Release|Any CPU
	EndGlobalSection
	GlobalSection(SolutionProperties) = preSolution
		HideSolutionNode = FALSE
	EndGlobalSection
	GlobalSection(ExtensibilityGlobals) = postSolution
		SolutionGuid = {C1B1048C-B013-4E57-8A56-013B5FBE65E1}
	EndGlobalSection
EndGlobal
